
Microsoft Visual Studio Solution File, Format Version 12.00
# Visual Studio Version 17
VisualStudioVersion = 17.14.36301.6 d17.14
MinimumVisualStudioVersion = 10.0.40219.1
Project("{FAE04EC0-301F-11D3-BF4B-00C04F79EFBC}") = "doctors-backend", "doctors-backend.csproj", "{14CFBD43-9FDB-403B-898E-0CC98E25DA84}"
EndProject
Global
	GlobalSection(SolutionConfigurationPlatforms) = preSolution
		Debug|Any CPU = Debug|Any CPU
		Release|Any CPU = Release|Any CPU
	EndGlobalSection
	GlobalSection(ProjectConfigurationPlatforms) = postSolution
		{14CFBD43-9FDB-403B-898E-0CC98E25DA84}.Debug|Any CPU.ActiveCfg = Debug|Any CPU
		{14CFBD43-9FDB-403B-898E-0CC98E25DA84}.Debug|Any CPU.Build.0 = Debug|Any CPU
		{14CFBD43-9FDB-403B-898E-0CC98E25DA84}.Release|Any CPU.ActiveCfg = Release|Any CPU
		{14CFBD43-9FDB-403B-898E-0CC98E25DA84}.Release|Any CPU.Build.0 = Release|Any CPU
	EndGlobalSection
	GlobalSection(SolutionProperties) = preSolution
		HideSolutionNode = FALSE
	EndGlobalSection
	GlobalSection(ExtensibilityGlobals) = postSolution
		SolutionGuid = {F7501CE4-FAD0-49DF-9CE6-167DA1C185F5}
	EndGlobalSection
EndGlobal
